
Microsoft Visual Studio Solution File, Format Version 12.00
# Visual Studio Version 17
VisualStudioVersion = 17.12.35506.116
MinimumVisualStudioVersion = 10.0.40219.1
Project("{FAE04EC0-301F-11D3-BF4B-00C04F79EFBC}") = "AuthWebApplication", "AuthWebApplication\AuthWebApplication.csproj", "{0133C3E0-05FB-46C0-AD9B-FCC8EF234E48}"
EndProject
Project("{FAE04EC0-301F-11D3-BF4B-00C04F79EFBC}") = "AuthWebApp.DataAccess", "AuthWebApp.DataAccess\AuthWebApp.DataAccess.csproj", "{53B918C8-727B-4D13-B025-AEA0E1C079BD}"
EndProject
Project("{FAE04EC0-301F-11D3-BF4B-00C04F79EFBC}") = "AuthWebApp.Models", "AuthWebApp.Models\AuthWebApp.Models.csproj", "{FFF3C7AC-51E6-40AA-B36F-D1354357DFA3}"
EndProject
Global
	GlobalSection(SolutionConfigurationPlatforms) = preSolution
		Debug|Any CPU = Debug|Any CPU
		Release|Any CPU = Release|Any CPU
	EndGlobalSection
	GlobalSection(ProjectConfigurationPlatforms) = postSolution
		{0133C3E0-05FB-46C0-AD9B-FCC8EF234E48}.Debug|Any CPU.ActiveCfg = Debug|Any CPU
		{0133C3E0-05FB-46C0-AD9B-FCC8EF234E48}.Debug|Any CPU.Build.0 = Debug|Any CPU
		{0133C3E0-05FB-46C0-AD9B-FCC8EF234E48}.Release|Any CPU.ActiveCfg = Release|Any CPU
		{0133C3E0-05FB-46C0-AD9B-FCC8EF234E48}.Release|Any CPU.Build.0 = Release|Any CPU
		{53B918C8-727B-4D13-B025-AEA0E1C079BD}.Debug|Any CPU.ActiveCfg = Debug|Any CPU
		{53B918C8-727B-4D13-B025-AEA0E1C079BD}.Debug|Any CPU.Build.0 = Debug|Any CPU
		{53B918C8-727B-4D13-B025-AEA0E1C079BD}.Release|Any CPU.ActiveCfg = Release|Any CPU
		{53B918C8-727B-4D13-B025-AEA0E1C079BD}.Release|Any CPU.Build.0 = Release|Any CPU
		{FFF3C7AC-51E6-40AA-B36F-D1354357DFA3}.Debug|Any CPU.ActiveCfg = Debug|Any CPU
		{FFF3C7AC-51E6-40AA-B36F-D1354357DFA3}.Debug|Any CPU.Build.0 = Debug|Any CPU
		{FFF3C7AC-51E6-40AA-B36F-D1354357DFA3}.Release|Any CPU.ActiveCfg = Release|Any CPU
		{FFF3C7AC-51E6-40AA-B36F-D1354357DFA3}.Release|Any CPU.Build.0 = Release|Any CPU
	EndGlobalSection
	GlobalSection(SolutionProperties) = preSolution
		HideSolutionNode = FALSE
	EndGlobalSection
EndGlobal
